# @generated by Move, please check-in and do not edit manually.

[move]
version = 2
manifest_digest = "7B07CB59EE8B5CB5887F22B13CB373C4BBF50159A5EBDFB3DFF6C5BB7585D18C"
deps_digest = "F8BBB0CCB2491CA29A3DF03D6F92277A4F3574266507ACD77214D37ECA3F3082"
dependencies = [
  { name = "Sui" },
]

[[move.package]]
name = "MoveStdlib"
source = { git = "git@github.com:MystenLabs/sui.git", rev = "framework/testnet", subdir = "crates/sui-framework/packages/move-stdlib" }

[[move.package]]
name = "Sui"
source = { git = "git@github.com:MystenLabs/sui.git", rev = "framework/testnet", subdir = "crates/sui-framework/packages/sui-framework" }

dependencies = [
  { name = "MoveStdlib" },
]

[move.toolchain-version]
compiler-version = "1.34.1"
edition = "2024.beta"
flavor = "sui"

[env]

[env.testnet]
chain-id = "4c78adac"
original-published-id = "0x752fa2e36f05a3498d386e5a9761e91334d4b10153ab6305fa1f21cffb9d62db"
latest-published-id = "0x752fa2e36f05a3498d386e5a9761e91334d4b10153ab6305fa1f21cffb9d62db"
published-version = "1"
